// !$*UTF8*$!
{
	archiveVersion = 1;
	classes = {
	};
	objectVersion = 55;
	objects = {

/* Begin PBXBuildFile section */
		C945C7CB284E6FDF0081F3EF /* AppDelegate.swift in Sources */ = {isa = PBXBuildFile; fileRef = C945C7CA284E6FDF0081F3EF /* AppDelegate.swift */; };
		C945C7CD284E6FDF0081F3EF /* SceneDelegate.swift in Sources */ = {isa = PBXBuildFile; fileRef = C945C7CC284E6FDF0081F3EF /* SceneDelegate.swift */; };
		C945C7CF284E6FDF0081F3EF /* RecentPhotosViewController.swift in Sources */ = {isa = PBXBuildFile; fileRef = C945C7CE284E6FDF0081F3EF /* RecentPhotosViewController.swift */; };
		C945C7D2284E6FDF0081F3EF /* Main.storyboard in Resources */ = {isa = PBXBuildFile; fileRef = C945C7D0284E6FDF0081F3EF /* Main.storyboard */; };
		C945C7D4284E6FE00081F3EF /* Assets.xcassets in Resources */ = {isa = PBXBuildFile; fileRef = C945C7D3284E6FE00081F3EF /* Assets.xcassets */; };
		C945C7D7284E6FE00081F3EF /* LaunchScreen.storyboard in Resources */ = {isa = PBXBuildFile; fileRef = C945C7D5284E6FE00081F3EF /* LaunchScreen.storyboard */; };
		C945C7E3284E73850081F3EF /* PhotoTableViewCell.swift in Sources */ = {isa = PBXBuildFile; fileRef = C945C7E2284E73850081F3EF /* PhotoTableViewCell.swift */; };
		C945C7E6284E763F0081F3EF /* PhotoDetailViewController.swift in Sources */ = {isa = PBXBuildFile; fileRef = C945C7E5284E763F0081F3EF /* PhotoDetailViewController.swift */; };
/* End PBXBuildFile section */

/* Begin PBXFileReference section */
		C945C7C7284E6FDF0081F3EF /* Flickr Client App.app */ = {isa = PBXFileReference; explicitFileType = wrapper.application; includeInIndex = 0; path = "Flickr Client App.app"; sourceTree = BUILT_PRODUCTS_DIR; };
		C945C7CA284E6FDF0081F3EF /* AppDelegate.swift */ = {isa = PBXFileReference; lastKnownFileType = sourcecode.swift; path = AppDelegate.swift; sourceTree = "<group>"; };
		C945C7CC284E6FDF0081F3EF /* SceneDelegate.swift */ = {isa = PBXFileReference; lastKnownFileType = sourcecode.swift; path = SceneDelegate.swift; sourceTree = "<group>"; };
		C945C7CE284E6FDF0081F3EF /* RecentPhotosViewController.swift */ = {isa = PBXFileReference; lastKnownFileType = sourcecode.swift; path = RecentPhotosViewController.swift; sourceTree = "<group>"; };
		C945C7D1284E6FDF0081F3EF /* Base */ = {isa = PBXFileReference; lastKnownFileType = file.storyboard; name = Base; path = Base.lproj/Main.storyboard; sourceTree = "<group>"; };
		C945C7D3284E6FE00081F3EF /* Assets.xcassets */ = {isa = PBXFileReference; lastKnownFileType = folder.assetcatalog; path = Assets.xcassets; sourceTree = "<group>"; };
		C945C7D6284E6FE00081F3EF /* Base */ = {isa = PBXFileReference; lastKnownFileType = file.storyboard; name = Base; path = Base.lproj/LaunchScreen.storyboard; sourceTree = "<group>"; };
		C945C7D8284E6FE00081F3EF /* Info.plist */ = {isa = PBXFileReference; lastKnownFileType = text.plist.xml; path = Info.plist; sourceTree = "<group>"; };
		C945C7E2284E73850081F3EF /* PhotoTableViewCell.swift */ = {isa = PBXFileReference; lastKnownFileType = sourcecode.swift; path = PhotoTableViewCell.swift; sourceTree = "<group>"; };
		C945C7E5284E763F0081F3EF /* PhotoDetailViewController.swift */ = {isa = PBXFileReference; lastKnownFileType = sourcecode.swift; path = PhotoDetailViewController.swift; sourceTree = "<group>"; };
/* End PBXFileReference section */

/* Begin PBXFrameworksBuildPhase section */
		C945C7C4284E6FDF0081F3EF /* Frameworks */ = {
			isa = PBXFrameworksBuildPhase;
			buildActionMask = 2147483647;
			files = (
			);
			runOnlyForDeploymentPostprocessing = 0;
		};
/* End PBXFrameworksBuildPhase section */

/* Begin PBXGroup section */
		C945C7BE284E6FDF0081F3EF = {
			isa = PBXGroup;
			children = (
				C945C7C9284E6FDF0081F3EF /* Flickr Client App */,
				C945C7C8284E6FDF0081F3EF /* Products */,
			);
			sourceTree = "<group>";
		};
		C945C7C8284E6FDF0081F3EF /* Products */ = {
			isa = PBXGroup;
			children = (
				C945C7C7284E6FDF0081F3EF /* Flickr Client App.app */,
			);
			name = Products;
			sourceTree = "<group>";
		};
		C945C7C9284E6FDF0081F3EF /* Flickr Client App */ = {
			isa = PBXGroup;
			children = (
				C945C7E1284E70EE0081F3EF /* Supporting Files */,
				C945C7DF284E70D60081F3EF /* Screens */,
				C945C7DE284E70CE0081F3EF /* App */,
			);
			path = "Flickr Client App";
			sourceTree = "<group>";
		};
		C945C7DE284E70CE0081F3EF /* App */ = {
			isa = PBXGroup;
			children = (
				C945C7CC284E6FDF0081F3EF /* SceneDelegate.swift */,
				C945C7CA284E6FDF0081F3EF /* AppDelegate.swift */,
			);
			path = App;
			sourceTree = "<group>";
		};
		C945C7DF284E70D60081F3EF /* Screens */ = {
			isa = PBXGroup;
			children = (
				C945C7E4284E76200081F3EF /* PhotoDetail */,
				C945C7E0284E70E40081F3EF /* RecentPhotos */,
			);
			path = Screens;
			sourceTree = "<group>";
		};
		C945C7E0284E70E40081F3EF /* RecentPhotos */ = {
			isa = PBXGroup;
			children = (
				C945C7E8284E767A0081F3EF /* View */,
				C945C7E7284E765E0081F3EF /* Controller */,
			);
			path = RecentPhotos;
			sourceTree = "<group>";
		};
		C945C7E1284E70EE0081F3EF /* Supporting Files */ = {
			isa = PBXGroup;
			children = (
				C945C7D3284E6FE00081F3EF /* Assets.xcassets */,
				C945C7D5284E6FE00081F3EF /* LaunchScreen.storyboard */,
				C945C7D8284E6FE00081F3EF /* Info.plist */,
			);
			path = "Supporting Files";
			sourceTree = "<group>";
		};
		C945C7E4284E76200081F3EF /* PhotoDetail */ = {
			isa = PBXGroup;
			children = (
				C945C7EA284E76BE0081F3EF /* Controller */,
				C945C7E9284E76B60081F3EF /* View */,
				C945C7E5284E763F0081F3EF /* PhotoDetailViewController.swift */,
			);
			path = PhotoDetail;
			sourceTree = "<group>";
		};
		C945C7E7284E765E0081F3EF /* Controller */ = {
			isa = PBXGroup;
			children = (
				C945C7CE284E6FDF0081F3EF /* RecentPhotosViewController.swift */,
			);
			path = Controller;
			sourceTree = "<group>";
		};
		C945C7E8284E767A0081F3EF /* View */ = {
			isa = PBXGroup;
			children = (
				C945C7E2284E73850081F3EF /* PhotoTableViewCell.swift */,
				C945C7D0284E6FDF0081F3EF /* Main.storyboard */,
			);
			path = View;
			sourceTree = "<group>";
		};
		C945C7E9284E76B60081F3EF /* View */ = {
			isa = PBXGroup;
			children = (
			);
			path = View;
			sourceTree = "<group>";
		};
		C945C7EA284E76BE0081F3EF /* Controller */ = {
			isa = PBXGroup;
			children = (
			);
			path = Controller;
			sourceTree = "<group>";
		};
/* End PBXGroup section */

/* Begin PBXNativeTarget section */
		C945C7C6284E6FDF0081F3EF /* Flickr Client App */ = {
			isa = PBXNativeTarget;
			buildConfigurationList = C945C7DB284E6FE00081F3EF /* Build configuration list for PBXNativeTarget "Flickr Client App" */;
			buildPhases = (
				C945C7C3284E6FDF0081F3EF /* Sources */,
				C945C7C4284E6FDF0081F3EF /* Frameworks */,
				C945C7C5284E6FDF0081F3EF /* Resources */,
			);
			buildRules = (
			);
			dependencies = (
			);
			name = "Flickr Client App";
			productName = "Flickr Client App";
			productReference = C945C7C7284E6FDF0081F3EF /* Flickr Client App.app */;
			productType = "com.apple.product-type.application";
		};
/* End PBXNativeTarget section */

/* Begin PBXProject section */
		C945C7BF284E6FDF0081F3EF /* Project object */ = {
			isa = PBXProject;
			attributes = {
				BuildIndependentTargetsInParallel = 1;
				LastSwiftUpdateCheck = 1340;
				LastUpgradeCheck = 1340;
				TargetAttributes = {
					C945C7C6284E6FDF0081F3EF = {
						CreatedOnToolsVersion = 13.4.1;
					};
				};
			};
			buildConfigurationList = C945C7C2284E6FDF0081F3EF /* Build configuration list for PBXProject "Flickr Client App" */;
			compatibilityVersion = "Xcode 13.0";
			developmentRegion = en;
			hasScannedForEncodings = 0;
			knownRegions = (
				en,
				Base,
			);
			mainGroup = C945C7BE284E6FDF0081F3EF;
			productRefGroup = C945C7C8284E6FDF0081F3EF /* Products */;
			projectDirPath = "";
			projectRoot = "";
			targets = (
				C945C7C6284E6FDF0081F3EF /* Flickr Client App */,
			);
		};
/* End PBXProject section */

/* Begin PBXResourcesBuildPhase section */
		C945C7C5284E6FDF0081F3EF /* Resources */ = {
			isa = PBXResourcesBuildPhase;
			buildActionMask = 2147483647;
			files = (
				C945C7D7284E6FE00081F3EF /* LaunchScreen.storyboard in Resources */,
				C945C7D4284E6FE00081F3EF /* Assets.xcassets in Resources */,
				C945C7D2284E6FDF0081F3EF /* Main.storyboard in Resources */,
			);
			runOnlyForDeploymentPostprocessing = 0;
		};
/* End PBXResourcesBuildPhase section */

/* Begin PBXSourcesBuildPhase section */
		C945C7C3284E6FDF0081F3EF /* Sources */ = {
			isa = PBXSourcesBuildPhase;
			buildActionMask = 2147483647;
			files = (
				C945C7E3284E73850081F3EF /* PhotoTableViewCell.swift in Sources */,
				C945C7CF284E6FDF0081F3EF /* RecentPhotosViewController.swift in Sources */,
				C945C7CB284E6FDF0081F3EF /* AppDelegate.swift in Sources */,
				C945C7E6284E763F0081F3EF /* PhotoDetailViewController.swift in Sources */,
				C945C7CD284E6FDF0081F3EF /* SceneDelegate.swift in Sources */,
			);
			runOnlyForDeploymentPostprocessing = 0;
		};
/* End PBXSourcesBuildPhase section */

/* Begin PBXVariantGroup section */
		C945C7D0284E6FDF0081F3EF /* Main.storyboard */ = {
			isa = PBXVariantGroup;
			children = (
				C945C7D1284E6FDF0081F3EF /* Base */,
			);
			name = Main.storyboard;
			sourceTree = "<group>";
		};
		C945C7D5284E6FE00081F3EF /* LaunchScreen.storyboard */ = {
			isa = PBXVariantGroup;
			children = (
				C945C7D6284E6FE00081F3EF /* Base */,
			);
			name = LaunchScreen.storyboard;
			sourceTree = "<group>";
		};
/* End PBXVariantGroup section */

/* Begin XCBuildConfiguration section */
		C945C7D9284E6FE00081F3EF /* Debug */ = {
			isa = XCBuildConfiguration;
			buildSettings = {
				ALWAYS_SEARCH_USER_PATHS = NO;
				CLANG_ANALYZER_NONNULL = YES;
				CLANG_ANALYZER_NUMBER_OBJECT_CONVERSION = YES_AGGRESSIVE;
				CLANG_CXX_LANGUAGE_STANDARD = "gnu++17";
				CLANG_ENABLE_MODULES = YES;
				CLANG_ENABLE_OBJC_ARC = YES;
				CLANG_ENABLE_OBJC_WEAK = YES;
				CLANG_WARN_BLOCK_CAPTURE_AUTORELEASING = YES;
				CLANG_WARN_BOOL_CONVERSION = YES;
				CLANG_WARN_COMMA = YES;
				CLANG_WARN_CONSTANT_CONVERSION = YES;
				CLANG_WARN_DEPRECATED_OBJC_IMPLEMENTATIONS = YES;
				CLANG_WARN_DIRECT_OBJC_ISA_USAGE = YES_ERROR;
				CLANG_WARN_DOCUMENTATION_COMMENTS = YES;
				CLANG_WARN_EMPTY_BODY = YES;
				CLANG_WARN_ENUM_CONVERSION = YES;
				CLANG_WARN_INFINITE_RECURSION = YES;
				CLANG_WARN_INT_CONVERSION = YES;
				CLANG_WARN_NON_LITERAL_NULL_CONVERSION = YES;
				CLANG_WARN_OBJC_IMPLICIT_RETAIN_SELF = YES;
				CLANG_WARN_OBJC_LITERAL_CONVERSION = YES;
				CLANG_WARN_OBJC_ROOT_CLASS = YES_ERROR;
				CLANG_WARN_QUOTED_INCLUDE_IN_FRAMEWORK_HEADER = YES;
				CLANG_WARN_RANGE_LOOP_ANALYSIS = YES;
				CLANG_WARN_STRICT_PROTOTYPES = YES;
				CLANG_WARN_SUSPICIOUS_MOVE = YES;
				CLANG_WARN_UNGUARDED_AVAILABILITY = YES_AGGRESSIVE;
				CLANG_WARN_UNREACHABLE_CODE = YES;
				CLANG_WARN__DUPLICATE_METHOD_MATCH = YES;
				COPY_PHASE_STRIP = NO;
				DEBUG_INFORMATION_FORMAT = dwarf;
				ENABLE_STRICT_OBJC_MSGSEND = YES;
				ENABLE_TESTABILITY = YES;
				GCC_C_LANGUAGE_STANDARD = gnu11;
				GCC_DYNAMIC_NO_PIC = NO;
				GCC_NO_COMMON_BLOCKS = YES;
				GCC_OPTIMIZATION_LEVEL = 0;
				GCC_PREPROCESSOR_DEFINITIONS = (
					"DEBUG=1",
					"$(inherited)",
				);
				GCC_WARN_64_TO_32_BIT_CONVERSION = YES;
				GCC_WARN_ABOUT_RETURN_TYPE = YES_ERROR;
				GCC_WARN_UNDECLARED_SELECTOR = YES;
				GCC_WARN_UNINITIALIZED_AUTOS = YES_AGGRESSIVE;
				GCC_WARN_UNUSED_FUNCTION = YES;
				GCC_WARN_UNUSED_VARIABLE = YES;
				IPHONEOS_DEPLOYMENT_TARGET = 15.5;
				MTL_ENABLE_DEBUG_INFO = INCLUDE_SOURCE;
				MTL_FAST_MATH = YES;
				ONLY_ACTIVE_ARCH = YES;
				SDKROOT = iphoneos;
				SWIFT_ACTIVE_COMPILATION_CONDITIONS = DEBUG;
				SWIFT_OPTIMIZATION_LEVEL = "-Onone";
			};
			name = Debug;
		};
		C945C7DA284E6FE00081F3EF /* Release */ = {
			isa = XCBuildConfiguration;
			buildSettings = {
				ALWAYS_SEARCH_USER_PATHS = NO;
				CLANG_ANALYZER_NONNULL = YES;
				CLANG_ANALYZER_NUMBER_OBJECT_CONVERSION = YES_AGGRESSIVE;
				CLANG_CXX_LANGUAGE_STANDARD = "gnu++17";
				CLANG_ENABLE_MODULES = YES;
				CLANG_ENABLE_OBJC_ARC = YES;
				CLANG_ENABLE_OBJC_WEAK = YES;
				CLANG_WARN_BLOCK_CAPTURE_AUTORELEASING = YES;
				CLANG_WARN_BOOL_CONVERSION = YES;
				CLANG_WARN_COMMA = YES;
				CLANG_WARN_CONSTANT_CONVERSION = YES;
				CLANG_WARN_DEPRECATED_OBJC_IMPLEMENTATIONS = YES;
				CLANG_WARN_DIRECT_OBJC_ISA_USAGE = YES_ERROR;
				CLANG_WARN_DOCUMENTATION_COMMENTS = YES;
				CLANG_WARN_EMPTY_BODY = YES;
				CLANG_WARN_ENUM_CONVERSION = YES;
				CLANG_WARN_INFINITE_RECURSION = YES;
				CLANG_WARN_INT_CONVERSION = YES;
				CLANG_WARN_NON_LITERAL_NULL_CONVERSION = YES;
				CLANG_WARN_OBJC_IMPLICIT_RETAIN_SELF = YES;
				CLANG_WARN_OBJC_LITERAL_CONVERSION = YES;
				CLANG_WARN_OBJC_ROOT_CLASS = YES_ERROR;
				CLANG_WARN_QUOTED_INCLUDE_IN_FRAMEWORK_HEADER = YES;
				CLANG_WARN_RANGE_LOOP_ANALYSIS = YES;
				CLANG_WARN_STRICT_PROTOTYPES = YES;
				CLANG_WARN_SUSPICIOUS_MOVE = YES;
				CLANG_WARN_UNGUARDED_AVAILABILITY = YES_AGGRESSIVE;
				CLANG_WARN_UNREACHABLE_CODE = YES;
				CLANG_WARN__DUPLICATE_METHOD_MATCH = YES;
				COPY_PHASE_STRIP = NO;
				DEBUG_INFORMATION_FORMAT = "dwarf-with-dsym";
				ENABLE_NS_ASSERTIONS = NO;
				ENABLE_STRICT_OBJC_MSGSEND = YES;
				GCC_C_LANGUAGE_STANDARD = gnu11;
				GCC_NO_COMMON_BLOCKS = YES;
				GCC_WARN_64_TO_32_BIT_CONVERSION = YES;
				GCC_WARN_ABOUT_RETURN_TYPE = YES_ERROR;
				GCC_WARN_UNDECLARED_SELECTOR = YES;
				GCC_WARN_UNINITIALIZED_AUTOS = YES_AGGRESSIVE;
				GCC_WARN_UNUSED_FUNCTION = YES;
				GCC_WARN_UNUSED_VARIABLE = YES;
				IPHONEOS_DEPLOYMENT_TARGET = 15.5;
				MTL_ENABLE_DEBUG_INFO = NO;
				MTL_FAST_MATH = YES;
				SDKROOT = iphoneos;
				SWIFT_COMPILATION_MODE = wholemodule;
				SWIFT_OPTIMIZATION_LEVEL = "-O";
				VALIDATE_PRODUCT = YES;
			};
			name = Release;
		};
		C945C7DC284E6FE00081F3EF /* Debug */ = {
			isa = XCBuildConfiguration;
			buildSettings = {
				ASSETCATALOG_COMPILER_APPICON_NAME = AppIcon;
				ASSETCATALOG_COMPILER_GLOBAL_ACCENT_COLOR_NAME = AccentColor;
				CODE_SIGN_STYLE = Automatic;
				CURRENT_PROJECT_VERSION = 1;
				DEVELOPMENT_TEAM = 4AKWAHU929;
				GENERATE_INFOPLIST_FILE = YES;
				INFOPLIST_FILE = "Flickr Client App/Supporting Files/Info.plist";
				INFOPLIST_KEY_UIApplicationSupportsIndirectInputEvents = YES;
				INFOPLIST_KEY_UILaunchStoryboardName = LaunchScreen;
				INFOPLIST_KEY_UIMainStoryboardFile = Main;
				INFOPLIST_KEY_UISupportedInterfaceOrientations_iPad = "UIInterfaceOrientationPortrait UIInterfaceOrientationPortraitUpsideDown UIInterfaceOrientationLandscapeLeft UIInterfaceOrientationLandscapeRight";
				INFOPLIST_KEY_UISupportedInterfaceOrientations_iPhone = "UIInterfaceOrientationPortrait UIInterfaceOrientationLandscapeLeft UIInterfaceOrientationLandscapeRight";
				LD_RUNPATH_SEARCH_PATHS = (
					"$(inherited)",
					"@executable_path/Frameworks",
				);
				MARKETING_VERSION = 1.0;
				PRODUCT_BUNDLE_IDENTIFIER = "com.mehmetergun.Flickr-Client-App";
				PRODUCT_NAME = "$(TARGET_NAME)";
				SWIFT_EMIT_LOC_STRINGS = YES;
				SWIFT_VERSION = 5.0;
				TARGETED_DEVICE_FAMILY = 1;
			};
			name = Debug;
		};
		C945C7DD284E6FE00081F3EF /* Release */ = {
			isa = XCBuildConfiguration;
			buildSettings = {
				ASSETCATALOG_COMPILER_APPICON_NAME = AppIcon;
				ASSETCATALOG_COMPILER_GLOBAL_ACCENT_COLOR_NAME = AccentColor;
				CODE_SIGN_STYLE = Automatic;
				CURRENT_PROJECT_VERSION = 1;
				DEVELOPMENT_TEAM = 4AKWAHU929;
				GENERATE_INFOPLIST_FILE = YES;
				INFOPLIST_FILE = "Flickr Client App/Supporting Files/Info.plist";
				INFOPLIST_KEY_UIApplicationSupportsIndirectInputEvents = YES;
				INFOPLIST_KEY_UILaunchStoryboardName = LaunchScreen;
				INFOPLIST_KEY_UIMainStoryboardFile = Main;
				INFOPLIST_KEY_UISupportedInterfaceOrientations_iPad = "UIInterfaceOrientationPortrait UIInterfaceOrientationPortraitUpsideDown UIInterfaceOrientationLandscapeLeft UIInterfaceOrientationLandscapeRight";
				INFOPLIST_KEY_UISupportedInterfaceOrientations_iPhone = "UIInterfaceOrientationPortrait UIInterfaceOrientationLandscapeLeft UIInterfaceOrientationLandscapeRight";
				LD_RUNPATH_SEARCH_PATHS = (
					"$(inherited)",
					"@executable_path/Frameworks",
				);
				MARKETING_VERSION = 1.0;
				PRODUCT_BUNDLE_IDENTIFIER = "com.mehmetergun.Flickr-Client-App";
				PRODUCT_NAME = "$(TARGET_NAME)";
				SWIFT_EMIT_LOC_STRINGS = YES;
				SWIFT_VERSION = 5.0;
				TARGETED_DEVICE_FAMILY = 1;
			};
			name = Release;
		};
/* End XCBuildConfiguration section */

/* Begin XCConfigurationList section */
		C945C7C2284E6FDF0081F3EF /* Build configuration list for PBXProject "Flickr Client App" */ = {
			isa = XCConfigurationList;
			buildConfigurations = (
				C945C7D9284E6FE00081F3EF /* Debug */,
				C945C7DA284E6FE00081F3EF /* Release */,
			);
			defaultConfigurationIsVisible = 0;
			defaultConfigurationName = Release;
		};
		C945C7DB284E6FE00081F3EF /* Build configuration list for PBXNativeTarget "Flickr Client App" */ = {
			isa = XCConfigurationList;
			buildConfigurations = (
				C945C7DC284E6FE00081F3EF /* Debug */,
				C945C7DD284E6FE00081F3EF /* Release */,
			);
			defaultConfigurationIsVisible = 0;
			defaultConfigurationName = Release;
		};
/* End XCConfigurationList section */
	};
	rootObject = C945C7BF284E6FDF0081F3EF /* Project object */;
}
